
Microsoft Visual Studio Solution File, Format Version 12.00
Project("{2150E333-8FDC-42A3-9474-1A3956D46DE8}") = "src", "src", "{2F0856A4-3D0D-4A2C-B75E-94E4232BFDE6}"
EndProject
Project("{FAE04EC0-301F-11D3-BF4B-00C04F79EFBC}") = "UnisonMQ.Server", "src\UnisonMQ.Server\UnisonMQ.Server.csproj", "{93DBBA34-2197-4E63-BD54-EB859A50CC01}"
EndProject
Project("{FAE04EC0-301F-11D3-BF4B-00C04F79EFBC}") = "UnisonMQ.Starter", "src\UnisonMQ.Starter\UnisonMQ.Starter.csproj", "{8EADABC4-8042-4EF8-BBA3-2E0D55F4BB27}"
EndProject
Project("{FAE04EC0-301F-11D3-BF4B-00C04F79EFBC}") = "UnisonMQ.Operations", "src\UnisonMQ.Operations\UnisonMQ.Operations.csproj", "{5A8C55B4-D226-4E89-BC8B-4EEEEB9158E3}"
EndProject
Project("{FAE04EC0-301F-11D3-BF4B-00C04F79EFBC}") = "UnisonMQ.Abstractions", "src\UnisonMQ.Abstractions\UnisonMQ.Abstractions.csproj", "{4215B0A0-F25E-4D10-A1F9-06234B9E2D9E}"
EndProject
Project("{FAE04EC0-301F-11D3-BF4B-00C04F79EFBC}") = "UnisonMQ.Queues", "src\UnisonMQ.Queues\UnisonMQ.Queues.csproj", "{5F90F50A-E57B-407B-9318-CC05695F2C18}"
EndProject
Project("{2150E333-8FDC-42A3-9474-1A3956D46DE8}") = "tests", "tests", "{A5CD0235-D99C-47A1-9A79-6FE47130E81E}"
EndProject
Project("{2150E333-8FDC-42A3-9474-1A3956D46DE8}") = "public", "public", "{909030FD-E348-4372-8FFC-E8FD82883EE8}"
EndProject
Project("{FAE04EC0-301F-11D3-BF4B-00C04F79EFBC}") = "UnisonMQ.Client", "src\public\UnisonMQ.Client\UnisonMQ.Client.csproj", "{75296E78-7928-4F31-BD85-361D8BA9D83E}"
EndProject
Project("{2150E333-8FDC-42A3-9474-1A3956D46DE8}") = "slnItems", "slnItems", "{90587886-91C7-4EF6-B648-34EAFECFA922}"
	ProjectSection(SolutionItems) = preProject
		README.md = README.md
	EndProjectSection
EndProject
Project("{FAE04EC0-301F-11D3-BF4B-00C04F79EFBC}") = "UnisonMQ.E2E", "src\tests\UnisonMQ.E2E\UnisonMQ.E2E.csproj", "{6287F178-8F62-4901-B343-713DDB507E10}"
EndProject
Project("{FAE04EC0-301F-11D3-BF4B-00C04F79EFBC}") = "UnisonMQ.ClientTests", "src\tests\UnisonMQ.ClientTests\UnisonMQ.ClientTests.csproj", "{762D5635-E363-4BF5-8050-5C3D1E002DB2}"
EndProject
Project("{2150E333-8FDC-42A3-9474-1A3956D46DE8}") = "demo", "demo", "{7FC1DFBA-D81B-4AC1-8F1C-EBCBC71A61C2}"
EndProject
Project("{FAE04EC0-301F-11D3-BF4B-00C04F79EFBC}") = "DemoConsole1", "src\demo\DemoConsole1\DemoConsole1.csproj", "{4E5A9A6F-DC9D-4A6B-B692-71CCE5D67396}"
EndProject
Project("{FAE04EC0-301F-11D3-BF4B-00C04F79EFBC}") = "DemoConsole2", "src\demo\DemoConsole2\DemoConsole2.csproj", "{29D702EE-C7D1-408F-B234-048494670796}"
EndProject
Project("{FAE04EC0-301F-11D3-BF4B-00C04F79EFBC}") = "UnisonMQ.DependencyInjection", "src\public\UnisonMQ.DependencyInjection\UnisonMQ.DependencyInjection.csproj", "{8D048CA4-28CC-4527-B245-4EF4DA4B5362}"
EndProject
Global
	GlobalSection(SolutionConfigurationPlatforms) = preSolution
		Debug|Any CPU = Debug|Any CPU
		Release|Any CPU = Release|Any CPU
	EndGlobalSection
	GlobalSection(ProjectConfigurationPlatforms) = postSolution
		{93DBBA34-2197-4E63-BD54-EB859A50CC01}.Debug|Any CPU.ActiveCfg = Debug|Any CPU
		{93DBBA34-2197-4E63-BD54-EB859A50CC01}.Debug|Any CPU.Build.0 = Debug|Any CPU
		{93DBBA34-2197-4E63-BD54-EB859A50CC01}.Release|Any CPU.ActiveCfg = Release|Any CPU
		{93DBBA34-2197-4E63-BD54-EB859A50CC01}.Release|Any CPU.Build.0 = Release|Any CPU
		{8EADABC4-8042-4EF8-BBA3-2E0D55F4BB27}.Debug|Any CPU.ActiveCfg = Debug|Any CPU
		{8EADABC4-8042-4EF8-BBA3-2E0D55F4BB27}.Debug|Any CPU.Build.0 = Debug|Any CPU
		{8EADABC4-8042-4EF8-BBA3-2E0D55F4BB27}.Release|Any CPU.ActiveCfg = Release|Any CPU
		{8EADABC4-8042-4EF8-BBA3-2E0D55F4BB27}.Release|Any CPU.Build.0 = Release|Any CPU
		{5A8C55B4-D226-4E89-BC8B-4EEEEB9158E3}.Debug|Any CPU.ActiveCfg = Debug|Any CPU
		{5A8C55B4-D226-4E89-BC8B-4EEEEB9158E3}.Debug|Any CPU.Build.0 = Debug|Any CPU
		{5A8C55B4-D226-4E89-BC8B-4EEEEB9158E3}.Release|Any CPU.ActiveCfg = Release|Any CPU
		{5A8C55B4-D226-4E89-BC8B-4EEEEB9158E3}.Release|Any CPU.Build.0 = Release|Any CPU
		{4215B0A0-F25E-4D10-A1F9-06234B9E2D9E}.Debug|Any CPU.ActiveCfg = Debug|Any CPU
		{4215B0A0-F25E-4D10-A1F9-06234B9E2D9E}.Debug|Any CPU.Build.0 = Debug|Any CPU
		{4215B0A0-F25E-4D10-A1F9-06234B9E2D9E}.Release|Any CPU.ActiveCfg = Release|Any CPU
		{4215B0A0-F25E-4D10-A1F9-06234B9E2D9E}.Release|Any CPU.Build.0 = Release|Any CPU
		{5F90F50A-E57B-407B-9318-CC05695F2C18}.Debug|Any CPU.ActiveCfg = Debug|Any CPU
		{5F90F50A-E57B-407B-9318-CC05695F2C18}.Debug|Any CPU.Build.0 = Debug|Any CPU
		{5F90F50A-E57B-407B-9318-CC05695F2C18}.Release|Any CPU.ActiveCfg = Release|Any CPU
		{5F90F50A-E57B-407B-9318-CC05695F2C18}.Release|Any CPU.Build.0 = Release|Any CPU
		{75296E78-7928-4F31-BD85-361D8BA9D83E}.Debug|Any CPU.ActiveCfg = Debug|Any CPU
		{75296E78-7928-4F31-BD85-361D8BA9D83E}.Debug|Any CPU.Build.0 = Debug|Any CPU
		{75296E78-7928-4F31-BD85-361D8BA9D83E}.Release|Any CPU.ActiveCfg = Release|Any CPU
		{75296E78-7928-4F31-BD85-361D8BA9D83E}.Release|Any CPU.Build.0 = Release|Any CPU
		{6287F178-8F62-4901-B343-713DDB507E10}.Debug|Any CPU.ActiveCfg = Debug|Any CPU
		{6287F178-8F62-4901-B343-713DDB507E10}.Debug|Any CPU.Build.0 = Debug|Any CPU
		{6287F178-8F62-4901-B343-713DDB507E10}.Release|Any CPU.ActiveCfg = Release|Any CPU
		{6287F178-8F62-4901-B343-713DDB507E10}.Release|Any CPU.Build.0 = Release|Any CPU
		{762D5635-E363-4BF5-8050-5C3D1E002DB2}.Debug|Any CPU.ActiveCfg = Debug|Any CPU
		{762D5635-E363-4BF5-8050-5C3D1E002DB2}.Debug|Any CPU.Build.0 = Debug|Any CPU
		{762D5635-E363-4BF5-8050-5C3D1E002DB2}.Release|Any CPU.ActiveCfg = Release|Any CPU
		{762D5635-E363-4BF5-8050-5C3D1E002DB2}.Release|Any CPU.Build.0 = Release|Any CPU
		{4E5A9A6F-DC9D-4A6B-B692-71CCE5D67396}.Debug|Any CPU.ActiveCfg = Debug|Any CPU
		{4E5A9A6F-DC9D-4A6B-B692-71CCE5D67396}.Debug|Any CPU.Build.0 = Debug|Any CPU
		{4E5A9A6F-DC9D-4A6B-B692-71CCE5D67396}.Release|Any CPU.ActiveCfg = Release|Any CPU
		{4E5A9A6F-DC9D-4A6B-B692-71CCE5D67396}.Release|Any CPU.Build.0 = Release|Any CPU
		{29D702EE-C7D1-408F-B234-048494670796}.Debug|Any CPU.ActiveCfg = Debug|Any CPU
		{29D702EE-C7D1-408F-B234-048494670796}.Debug|Any CPU.Build.0 = Debug|Any CPU
		{29D702EE-C7D1-408F-B234-048494670796}.Release|Any CPU.ActiveCfg = Release|Any CPU
		{29D702EE-C7D1-408F-B234-048494670796}.Release|Any CPU.Build.0 = Release|Any CPU
		{8D048CA4-28CC-4527-B245-4EF4DA4B5362}.Debug|Any CPU.ActiveCfg = Debug|Any CPU
		{8D048CA4-28CC-4527-B245-4EF4DA4B5362}.Debug|Any CPU.Build.0 = Debug|Any CPU
		{8D048CA4-28CC-4527-B245-4EF4DA4B5362}.Release|Any CPU.ActiveCfg = Release|Any CPU
		{8D048CA4-28CC-4527-B245-4EF4DA4B5362}.Release|Any CPU.Build.0 = Release|Any CPU
	EndGlobalSection
	GlobalSection(NestedProjects) = preSolution
		{93DBBA34-2197-4E63-BD54-EB859A50CC01} = {2F0856A4-3D0D-4A2C-B75E-94E4232BFDE6}
		{8EADABC4-8042-4EF8-BBA3-2E0D55F4BB27} = {2F0856A4-3D0D-4A2C-B75E-94E4232BFDE6}
		{5A8C55B4-D226-4E89-BC8B-4EEEEB9158E3} = {2F0856A4-3D0D-4A2C-B75E-94E4232BFDE6}
		{4215B0A0-F25E-4D10-A1F9-06234B9E2D9E} = {2F0856A4-3D0D-4A2C-B75E-94E4232BFDE6}
		{5F90F50A-E57B-407B-9318-CC05695F2C18} = {2F0856A4-3D0D-4A2C-B75E-94E4232BFDE6}
		{A5CD0235-D99C-47A1-9A79-6FE47130E81E} = {2F0856A4-3D0D-4A2C-B75E-94E4232BFDE6}
		{909030FD-E348-4372-8FFC-E8FD82883EE8} = {2F0856A4-3D0D-4A2C-B75E-94E4232BFDE6}
		{75296E78-7928-4F31-BD85-361D8BA9D83E} = {909030FD-E348-4372-8FFC-E8FD82883EE8}
		{6287F178-8F62-4901-B343-713DDB507E10} = {A5CD0235-D99C-47A1-9A79-6FE47130E81E}
		{762D5635-E363-4BF5-8050-5C3D1E002DB2} = {A5CD0235-D99C-47A1-9A79-6FE47130E81E}
		{7FC1DFBA-D81B-4AC1-8F1C-EBCBC71A61C2} = {2F0856A4-3D0D-4A2C-B75E-94E4232BFDE6}
		{4E5A9A6F-DC9D-4A6B-B692-71CCE5D67396} = {7FC1DFBA-D81B-4AC1-8F1C-EBCBC71A61C2}
		{29D702EE-C7D1-408F-B234-048494670796} = {7FC1DFBA-D81B-4AC1-8F1C-EBCBC71A61C2}
		{8D048CA4-28CC-4527-B245-4EF4DA4B5362} = {909030FD-E348-4372-8FFC-E8FD82883EE8}
	EndGlobalSection
EndGlobal
