
Microsoft Visual Studio Solution File, Format Version 12.00
Project("{2150E333-8FDC-42A3-9474-1A3956D46DE8}") = "src", "src", "{2F0856A4-3D0D-4A2C-B75E-94E4232BFDE6}"
EndProject
Project("{FAE04EC0-301F-11D3-BF4B-00C04F79EFBC}") = "UnisonMQ.Server", "src\UnisonMQ.Server\UnisonMQ.Server.csproj", "{93DBBA34-2197-4E63-BD54-EB859A50CC01}"
EndProject
Project("{FAE04EC0-301F-11D3-BF4B-00C04F79EFBC}") = "UnisonMQ.Starter", "src\UnisonMQ.Starter\UnisonMQ.Starter.csproj", "{8EADABC4-8042-4EF8-BBA3-2E0D55F4BB27}"
EndProject
Project("{FAE04EC0-301F-11D3-BF4B-00C04F79EFBC}") = "UnisonMQ.Modules", "src\UnisonMQ.Modules\UnisonMQ.Modules.csproj", "{FD99AA37-B4A1-47C2-A4BB-6044AF26184E}"
EndProject
Project("{FAE04EC0-301F-11D3-BF4B-00C04F79EFBC}") = "UnisonMQ.Operations", "src\UnisonMQ.Operations\UnisonMQ.Operations.csproj", "{5A8C55B4-D226-4E89-BC8B-4EEEEB9158E3}"
EndProject
Project("{FAE04EC0-301F-11D3-BF4B-00C04F79EFBC}") = "UnisonMQ.Abstractions", "src\UnisonMQ.Abstractions\UnisonMQ.Abstractions.csproj", "{4215B0A0-F25E-4D10-A1F9-06234B9E2D9E}"
EndProject
Project("{FAE04EC0-301F-11D3-BF4B-00C04F79EFBC}") = "UnisonMQ.Queues", "src\UnisonMQ.Queues\UnisonMQ.Queues.csproj", "{5F90F50A-E57B-407B-9318-CC05695F2C18}"
EndProject
Global
	GlobalSection(SolutionConfigurationPlatforms) = preSolution
		Debug|Any CPU = Debug|Any CPU
		Release|Any CPU = Release|Any CPU
	EndGlobalSection
	GlobalSection(ProjectConfigurationPlatforms) = postSolution
		{93DBBA34-2197-4E63-BD54-EB859A50CC01}.Debug|Any CPU.ActiveCfg = Debug|Any CPU
		{93DBBA34-2197-4E63-BD54-EB859A50CC01}.Debug|Any CPU.Build.0 = Debug|Any CPU
		{93DBBA34-2197-4E63-BD54-EB859A50CC01}.Release|Any CPU.ActiveCfg = Release|Any CPU
		{93DBBA34-2197-4E63-BD54-EB859A50CC01}.Release|Any CPU.Build.0 = Release|Any CPU
		{8EADABC4-8042-4EF8-BBA3-2E0D55F4BB27}.Debug|Any CPU.ActiveCfg = Debug|Any CPU
		{8EADABC4-8042-4EF8-BBA3-2E0D55F4BB27}.Debug|Any CPU.Build.0 = Debug|Any CPU
		{8EADABC4-8042-4EF8-BBA3-2E0D55F4BB27}.Release|Any CPU.ActiveCfg = Release|Any CPU
		{8EADABC4-8042-4EF8-BBA3-2E0D55F4BB27}.Release|Any CPU.Build.0 = Release|Any CPU
		{FD99AA37-B4A1-47C2-A4BB-6044AF26184E}.Debug|Any CPU.ActiveCfg = Debug|Any CPU
		{FD99AA37-B4A1-47C2-A4BB-6044AF26184E}.Debug|Any CPU.Build.0 = Debug|Any CPU
		{FD99AA37-B4A1-47C2-A4BB-6044AF26184E}.Release|Any CPU.ActiveCfg = Release|Any CPU
		{FD99AA37-B4A1-47C2-A4BB-6044AF26184E}.Release|Any CPU.Build.0 = Release|Any CPU
		{5A8C55B4-D226-4E89-BC8B-4EEEEB9158E3}.Debug|Any CPU.ActiveCfg = Debug|Any CPU
		{5A8C55B4-D226-4E89-BC8B-4EEEEB9158E3}.Debug|Any CPU.Build.0 = Debug|Any CPU
		{5A8C55B4-D226-4E89-BC8B-4EEEEB9158E3}.Release|Any CPU.ActiveCfg = Release|Any CPU
		{5A8C55B4-D226-4E89-BC8B-4EEEEB9158E3}.Release|Any CPU.Build.0 = Release|Any CPU
		{4215B0A0-F25E-4D10-A1F9-06234B9E2D9E}.Debug|Any CPU.ActiveCfg = Debug|Any CPU
		{4215B0A0-F25E-4D10-A1F9-06234B9E2D9E}.Debug|Any CPU.Build.0 = Debug|Any CPU
		{4215B0A0-F25E-4D10-A1F9-06234B9E2D9E}.Release|Any CPU.ActiveCfg = Release|Any CPU
		{4215B0A0-F25E-4D10-A1F9-06234B9E2D9E}.Release|Any CPU.Build.0 = Release|Any CPU
		{5F90F50A-E57B-407B-9318-CC05695F2C18}.Debug|Any CPU.ActiveCfg = Debug|Any CPU
		{5F90F50A-E57B-407B-9318-CC05695F2C18}.Debug|Any CPU.Build.0 = Debug|Any CPU
		{5F90F50A-E57B-407B-9318-CC05695F2C18}.Release|Any CPU.ActiveCfg = Release|Any CPU
		{5F90F50A-E57B-407B-9318-CC05695F2C18}.Release|Any CPU.Build.0 = Release|Any CPU
	EndGlobalSection
	GlobalSection(NestedProjects) = preSolution
		{93DBBA34-2197-4E63-BD54-EB859A50CC01} = {2F0856A4-3D0D-4A2C-B75E-94E4232BFDE6}
		{8EADABC4-8042-4EF8-BBA3-2E0D55F4BB27} = {2F0856A4-3D0D-4A2C-B75E-94E4232BFDE6}
		{FD99AA37-B4A1-47C2-A4BB-6044AF26184E} = {2F0856A4-3D0D-4A2C-B75E-94E4232BFDE6}
		{5A8C55B4-D226-4E89-BC8B-4EEEEB9158E3} = {2F0856A4-3D0D-4A2C-B75E-94E4232BFDE6}
		{4215B0A0-F25E-4D10-A1F9-06234B9E2D9E} = {2F0856A4-3D0D-4A2C-B75E-94E4232BFDE6}
		{5F90F50A-E57B-407B-9318-CC05695F2C18} = {2F0856A4-3D0D-4A2C-B75E-94E4232BFDE6}
	EndGlobalSection
EndGlobal
